{
    "_readme": [
        "This file locks the dependencies of your project to a known state",
        "Read more about it at https://getcomposer.org/doc/01-basic-usage.md#installing-dependencies",
        "This file is @generated automatically"
    ],
    "content-hash": "2cf661057e5db05c05a7afd7d38e5fec",
    "packages": [
        {
            "name": "predis/predis",
            "version": "v2.3.0",
            "source": {
                "type": "git",
                "url": "https://github.com/predis/predis.git",
                "reference": "bac46bfdb78cd6e9c7926c697012aae740cb9ec9"
            },
            "dist": {
                "type": "zip",
                "url": "https://api.github.com/repos/predis/predis/zipball/bac46bfdb78cd6e9c7926c697012aae740cb9ec9",
                "reference": "bac46bfdb78cd6e9c7926c697012aae740cb9ec9",
                "shasum": ""
            },
            "require": {
                "php": "^7.2 || ^8.0"
            },
            "require-dev": {
                "friendsofphp/php-cs-fixer": "^3.3",
                "phpstan/phpstan": "^1.9",
                "phpunit/phpunit": "^8.0 || ^9.4"
            },
            "suggest": {
                "ext-relay": "Faster connection with in-memory caching (>=0.6.2)"
            },
            "type": "library",
            "autoload": {
                "psr-4": {
                    "Predis\\": "src/"
                }
            },
            "notification-url": "https://packagist.org/downloads/",
            "license": [
                "MIT"
            ],
            "authors": [
                {
                    "name": "Till Krüss",
                    "homepage": "https://till.im",
                    "role": "Maintainer"
                }
            ],
            "description": "A flexible and feature-complete Redis client for PHP.",
            "homepage": "http://github.com/predis/predis",
            "keywords": [
                "nosql",
                "predis",
                "redis"
            ],
            "support": {
                "issues": "https://github.com/predis/predis/issues",
                "source": "https://github.com/predis/predis/tree/v2.3.0"
            },
            "funding": [
                {
                    "url": "https://github.com/sponsors/tillkruss",
                    "type": "github"
                }
            ],
            "time": "2024-11-21T20:00:02+00:00"
        },
        {
            "name": "spatie/ssh",
            "version": "1.13.0",
            "source": {
                "type": "git",
                "url": "https://github.com/spatie/ssh.git",
                "reference": "cfccf0873611a2d1b030f65d1dd319c8005d993f"
            },
            "dist": {
                "type": "zip",
                "url": "https://api.github.com/repos/spatie/ssh/zipball/cfccf0873611a2d1b030f65d1dd319c8005d993f",
                "reference": "cfccf0873611a2d1b030f65d1dd319c8005d993f",
                "shasum": ""
            },
            "require": {
                "php": "^7.4|^8.0",
                "symfony/process": "^4.4|^5.3|^6.0|^7.0"
            },
            "require-dev": {
                "pestphp/pest": "^1.22",
                "spatie/pest-plugin-snapshots": "^1.1",
                "symfony/var-dumper": "^5.3|6.0|^7.0"
            },
            "type": "library",
            "autoload": {
                "psr-4": {
                    "Spatie\\Ssh\\": "src"
                }
            },
            "notification-url": "https://packagist.org/downloads/",
            "license": [
                "MIT"
            ],
            "authors": [
                {
                    "name": "Freek Van der Herten",
                    "email": "freek@spatie.be",
                    "homepage": "https://spatie.be",
                    "role": "Developer"
                }
            ],
            "description": "A lightweight package to execute commands over an SSH connection",
            "homepage": "https://github.com/spatie/ssh",
            "keywords": [
                "spatie",
                "ssh"
            ],
            "support": {
                "issues": "https://github.com/spatie/ssh/issues",
                "source": "https://github.com/spatie/ssh/tree/1.13.0"
            },
            "funding": [
                {
                    "url": "https://spatie.be/open-source/support-us",
                    "type": "custom"
                }
            ],
            "time": "2024-12-23T10:27:18+00:00"
        },
        {
            "name": "symfony/process",
            "version": "v7.2.4",
            "source": {
                "type": "git",
                "url": "https://github.com/symfony/process.git",
                "reference": "d8f411ff3c7ddc4ae9166fb388d1190a2df5b5cf"
            },
            "dist": {
                "type": "zip",
                "url": "https://api.github.com/repos/symfony/process/zipball/d8f411ff3c7ddc4ae9166fb388d1190a2df5b5cf",
                "reference": "d8f411ff3c7ddc4ae9166fb388d1190a2df5b5cf",
                "shasum": ""
            },
            "require": {
                "php": ">=8.2"
            },
            "type": "library",
            "autoload": {
                "psr-4": {
                    "Symfony\\Component\\Process\\": ""
                },
                "exclude-from-classmap": [
                    "/Tests/"
                ]
            },
            "notification-url": "https://packagist.org/downloads/",
            "license": [
                "MIT"
            ],
            "authors": [
                {
                    "name": "Fabien Potencier",
                    "email": "fabien@symfony.com"
                },
                {
                    "name": "Symfony Community",
                    "homepage": "https://symfony.com/contributors"
                }
            ],
            "description": "Executes commands in sub-processes",
            "homepage": "https://symfony.com",
            "support": {
                "source": "https://github.com/symfony/process/tree/v7.2.4"
            },
            "funding": [
                {
                    "url": "https://symfony.com/sponsor",
                    "type": "custom"
                },
                {
                    "url": "https://github.com/fabpot",
                    "type": "github"
                },
                {
                    "url": "https://tidelift.com/funding/github/packagist/symfony/symfony",
                    "type": "tidelift"
                }
            ],
            "time": "2025-02-05T08:33:46+00:00"
        }
    ],
    "packages-dev": [],
    "aliases": [],
    "minimum-stability": "stable",
    "stability-flags": {},
    "prefer-stable": false,
    "prefer-lowest": false,
    "platform": {
        "php": "~8.3.0"
    },
    "platform-dev": {},
    "plugin-api-version": "2.6.0"
}
